
Microsoft Visual Studio Solution File, Format Version 12.00
# Visual Studio Version 17
VisualStudioVersion = 17.1.32228.430
MinimumVisualStudioVersion = 10.0.40219.1
Project("{8BC9CEB8-8B4A-11D0-8D11-00A0C91BC942}") = "othello_v0", "othello_v0\othello_v0.vcxproj", "{E76199D9-3113-408A-8E47-960D192F5C9A}"
EndProject
Global
	GlobalSection(SolutionConfigurationPlatforms) = preSolution
		Debug|x64 = Debug|x64
		Debug|x86 = Debug|x86
		Release|x64 = Release|x64
		Release|x86 = Release|x86
	EndGlobalSection
	GlobalSection(ProjectConfigurationPlatforms) = postSolution
		{E76199D9-3113-408A-8E47-960D192F5C9A}.Debug|x64.ActiveCfg = Debug|Win32
		{E76199D9-3113-408A-8E47-960D192F5C9A}.Debug|x64.Build.0 = Debug|Win32
		{E76199D9-3113-408A-8E47-960D192F5C9A}.Debug|x86.ActiveCfg = Debug|Win32
		{E76199D9-3113-408A-8E47-960D192F5C9A}.Debug|x86.Build.0 = Debug|Win32
		{E76199D9-3113-408A-8E47-960D192F5C9A}.Release|x64.ActiveCfg = Release|x64
		{E76199D9-3113-408A-8E47-960D192F5C9A}.Release|x64.Build.0 = Release|x64
		{E76199D9-3113-408A-8E47-960D192F5C9A}.Release|x86.ActiveCfg = Release|Win32
		{E76199D9-3113-408A-8E47-960D192F5C9A}.Release|x86.Build.0 = Release|Win32
	EndGlobalSection
	GlobalSection(SolutionProperties) = preSolution
		HideSolutionNode = FALSE
	EndGlobalSection
	GlobalSection(ExtensibilityGlobals) = postSolution
		SolutionGuid = {04EFBF1F-363A-4F41-97B7-E9019BBE8C63}
	EndGlobalSection
EndGlobal
